
Microsoft Visual Studio Solution File, Format Version 12.00
# Visual Studio Version 17
VisualStudioVersion = 17.1.32319.34
MinimumVisualStudioVersion = 10.0.40219.1
Project("{9A19103F-16F7-4668-BE54-9A1E7A4F7556}") = "Otakurin.Domain", "Otakurin.Domain\Otakurin.Domain.csproj", "{4D5974B1-EBBA-42C0-BBF2-DE978409A10F}"
EndProject
Project("{9A19103F-16F7-4668-BE54-9A1E7A4F7556}") = "Otakurin.Persistence", "Otakurin.Persistence\Otakurin.Persistence.csproj", "{C7B9BE3E-B5FE-401E-BDA7-190EA1DBF9CF}"
EndProject
Project("{9A19103F-16F7-4668-BE54-9A1E7A4F7556}") = "Otakurin.Service.Game", "Otakurin.Service.Game\Otakurin.Service.Game.csproj", "{ADFC9BA9-0EFB-414B-87B1-8435609F3AA4}"
EndProject
Project("{9A19103F-16F7-4668-BE54-9A1E7A4F7556}") = "Otakurin.Core", "Otakurin.Core\Otakurin.Core.csproj", "{7CD30ED4-C970-4253-8C71-A8C621978416}"
EndProject
Project("{2150E333-8FDC-42A3-9474-1A3956D46DE8}") = "Source", "Source", "{6B2BAF35-D682-4E75-BCE9-D60FAD95174E}"
EndProject
Project("{9A19103F-16F7-4668-BE54-9A1E7A4F7556}") = "Otakurin.Application", "Otakurin.Application\Otakurin.Application.csproj", "{F4C8CD95-BA6E-4704-8AFB-A68F2A69B543}"
EndProject
Global
	GlobalSection(SolutionConfigurationPlatforms) = preSolution
		Debug|Any CPU = Debug|Any CPU
		Release|Any CPU = Release|Any CPU
	EndGlobalSection
	GlobalSection(ProjectConfigurationPlatforms) = postSolution
		{4D5974B1-EBBA-42C0-BBF2-DE978409A10F}.Debug|Any CPU.ActiveCfg = Debug|Any CPU
		{4D5974B1-EBBA-42C0-BBF2-DE978409A10F}.Debug|Any CPU.Build.0 = Debug|Any CPU
		{4D5974B1-EBBA-42C0-BBF2-DE978409A10F}.Release|Any CPU.ActiveCfg = Release|Any CPU
		{4D5974B1-EBBA-42C0-BBF2-DE978409A10F}.Release|Any CPU.Build.0 = Release|Any CPU
		{C7B9BE3E-B5FE-401E-BDA7-190EA1DBF9CF}.Debug|Any CPU.ActiveCfg = Debug|Any CPU
		{C7B9BE3E-B5FE-401E-BDA7-190EA1DBF9CF}.Debug|Any CPU.Build.0 = Debug|Any CPU
		{C7B9BE3E-B5FE-401E-BDA7-190EA1DBF9CF}.Release|Any CPU.ActiveCfg = Release|Any CPU
		{C7B9BE3E-B5FE-401E-BDA7-190EA1DBF9CF}.Release|Any CPU.Build.0 = Release|Any CPU
		{ADFC9BA9-0EFB-414B-87B1-8435609F3AA4}.Debug|Any CPU.ActiveCfg = Debug|Any CPU
		{ADFC9BA9-0EFB-414B-87B1-8435609F3AA4}.Debug|Any CPU.Build.0 = Debug|Any CPU
		{ADFC9BA9-0EFB-414B-87B1-8435609F3AA4}.Release|Any CPU.ActiveCfg = Release|Any CPU
		{ADFC9BA9-0EFB-414B-87B1-8435609F3AA4}.Release|Any CPU.Build.0 = Release|Any CPU
		{7CD30ED4-C970-4253-8C71-A8C621978416}.Debug|Any CPU.ActiveCfg = Debug|Any CPU
		{7CD30ED4-C970-4253-8C71-A8C621978416}.Debug|Any CPU.Build.0 = Debug|Any CPU
		{7CD30ED4-C970-4253-8C71-A8C621978416}.Release|Any CPU.ActiveCfg = Release|Any CPU
		{7CD30ED4-C970-4253-8C71-A8C621978416}.Release|Any CPU.Build.0 = Release|Any CPU
		{F4C8CD95-BA6E-4704-8AFB-A68F2A69B543}.Debug|Any CPU.ActiveCfg = Debug|Any CPU
		{F4C8CD95-BA6E-4704-8AFB-A68F2A69B543}.Debug|Any CPU.Build.0 = Debug|Any CPU
		{F4C8CD95-BA6E-4704-8AFB-A68F2A69B543}.Release|Any CPU.ActiveCfg = Release|Any CPU
		{F4C8CD95-BA6E-4704-8AFB-A68F2A69B543}.Release|Any CPU.Build.0 = Release|Any CPU
	EndGlobalSection
	GlobalSection(SolutionProperties) = preSolution
		HideSolutionNode = FALSE
	EndGlobalSection
	GlobalSection(NestedProjects) = preSolution
		{4D5974B1-EBBA-42C0-BBF2-DE978409A10F} = {6B2BAF35-D682-4E75-BCE9-D60FAD95174E}
		{C7B9BE3E-B5FE-401E-BDA7-190EA1DBF9CF} = {6B2BAF35-D682-4E75-BCE9-D60FAD95174E}
		{ADFC9BA9-0EFB-414B-87B1-8435609F3AA4} = {6B2BAF35-D682-4E75-BCE9-D60FAD95174E}
		{7CD30ED4-C970-4253-8C71-A8C621978416} = {6B2BAF35-D682-4E75-BCE9-D60FAD95174E}
		{F4C8CD95-BA6E-4704-8AFB-A68F2A69B543} = {6B2BAF35-D682-4E75-BCE9-D60FAD95174E}
	EndGlobalSection
	GlobalSection(ExtensibilityGlobals) = postSolution
		SolutionGuid = {6468E3B2-E683-4CC2-AD6E-EB3E558EA17C}
	EndGlobalSection
EndGlobal
